<?xml version="1.0" encoding="UTF-8" standalone="yes" ?>
<CodeBlocks_project_file>
	<FileVersion major="1" minor="6" />
	<Project>
		<Option title="Sokoban" />
		<Option pch_mode="2" />
		<Option compiler="gcc" />
		<Build>
			<Target title="Debug">
				<Option output="bin/Debug/Sokoban" prefix_auto="1" extension_auto="1" />
				<Option object_output="obj/Debug/" />
				<Option type="1" />
				<Option compiler="gcc" />
				<Compiler>
					<Add option="-g" />
					<Add directory="include" />
				</Compiler>
			</Target>
			<Target title="Release">
				<Option output="bin/Release/Sokoban" prefix_auto="1" extension_auto="1" />
				<Option object_output="obj/Release/" />
				<Option type="1" />
				<Option compiler="gcc" />
				<Compiler>
					<Add option="-O2" />
					<Add directory="include" />
				</Compiler>
				<Linker>
					<Add option="-s" />
				</Linker>
			</Target>
		</Build>
		<Compiler>
			<Add option="-Wall" />
			<Add option="-fexceptions" />
			<Add directory="../TGUI-0.8.5/include" />
			<Add directory="../SFML/SFML-2.5.1/include" />
			<Add directory="../thor-v2.0-sdk/include" />
			<Add directory="../Aurora-master/include" />
		</Compiler>
		<Linker>
			<Add library="../TGUI-0.8.5/buildcb/lib/libtgui.a" />
			<Add library="../SFML/SFML-2.5.1/buildcb/lib/libsfml-audio.a" />
			<Add library="../SFML/SFML-2.5.1/buildcb/lib/libsfml-graphics.a" />
			<Add library="../SFML/SFML-2.5.1/buildcb/lib/libsfml-system.a" />
			<Add library="../SFML/SFML-2.5.1/buildcb/lib/libsfml-window.a" />
			<Add library="../thor-v2.0-sdk/buildcb/src/libthor.dll.a" />
			<Add directory="../SFML/SFML-2.5.1/buildcb/lib" />
			<Add directory="../TGUI-0.8.5/buildcb/lib" />
			<Add directory="../thor-v2.0-sdk/buildcb/src" />
		</Linker>
		<Unit filename="include/Configuration.h" />
		<Unit filename="include/Game.h" />
		<Unit filename="main.cpp" />
		<Unit filename="src/Configuration.cpp" />
		<Unit filename="src/Game.cpp" />
		<Extensions>
			<code_completion />
			<envvars />
			<debugger />
			<lib_finder disable_auto="1" />
		</Extensions>
	</Project>
</CodeBlocks_project_file>
